// !$*UTF8*$!
{
	archiveVersion = 1;
	classes = {
	};
	objectVersion = 50;
	objects = {

/* Begin PBXBuildFile section */
		0310E6F89BD90B71C83F45CD /* Pods_lokichallange.framework in Frameworks */ = {isa = PBXBuildFile; fileRef = AE6BD87C5A54F1C532546CF4 /* Pods_lokichallange.framework */; };
		B1635C092357380F006AC49D /* AppDelegate.swift in Sources */ = {isa = PBXBuildFile; fileRef = B1635C082357380F006AC49D /* AppDelegate.swift */; };
		B1635C0B2357380F006AC49D /* ViewController.swift in Sources */ = {isa = PBXBuildFile; fileRef = B1635C0A2357380F006AC49D /* ViewController.swift */; };
		B1635C0E2357380F006AC49D /* Main.storyboard in Resources */ = {isa = PBXBuildFile; fileRef = B1635C0C2357380F006AC49D /* Main.storyboard */; };
		B1635C102357380F006AC49D /* Assets.xcassets in Resources */ = {isa = PBXBuildFile; fileRef = B1635C0F2357380F006AC49D /* Assets.xcassets */; };
		B1635C132357380F006AC49D /* LaunchScreen.storyboard in Resources */ = {isa = PBXBuildFile; fileRef = B1635C112357380F006AC49D /* LaunchScreen.storyboard */; };
/* End PBXBuildFile section */

/* Begin PBXFileReference section */
		8A779C924E13DC030846EEA1 /* Pods-lokichallange.release.xcconfig */ = {isa = PBXFileReference; includeInIndex = 1; lastKnownFileType = text.xcconfig; name = "Pods-lokichallange.release.xcconfig"; path = "Target Support Files/Pods-lokichallange/Pods-lokichallange.release.xcconfig"; sourceTree = "<group>"; };
		AE6BD87C5A54F1C532546CF4 /* Pods_lokichallange.framework */ = {isa = PBXFileReference; explicitFileType = wrapper.framework; includeInIndex = 0; path = Pods_lokichallange.framework; sourceTree = BUILT_PRODUCTS_DIR; };
		B1635C052357380F006AC49D /* lokichallange.app */ = {isa = PBXFileReference; explicitFileType = wrapper.application; includeInIndex = 0; path = lokichallange.app; sourceTree = BUILT_PRODUCTS_DIR; };
		B1635C082357380F006AC49D /* AppDelegate.swift */ = {isa = PBXFileReference; lastKnownFileType = sourcecode.swift; path = AppDelegate.swift; sourceTree = "<group>"; };
		B1635C0A2357380F006AC49D /* ViewController.swift */ = {isa = PBXFileReference; lastKnownFileType = sourcecode.swift; path = ViewController.swift; sourceTree = "<group>"; };
		B1635C0D2357380F006AC49D /* Base */ = {isa = PBXFileReference; lastKnownFileType = file.storyboard; name = Base; path = Base.lproj/Main.storyboard; sourceTree = "<group>"; };
		B1635C0F2357380F006AC49D /* Assets.xcassets */ = {isa = PBXFileReference; lastKnownFileType = folder.assetcatalog; path = Assets.xcassets; sourceTree = "<group>"; };
		B1635C122357380F006AC49D /* Base */ = {isa = PBXFileReference; lastKnownFileType = file.storyboard; name = Base; path = Base.lproj/LaunchScreen.storyboard; sourceTree = "<group>"; };
		B1635C142357380F006AC49D /* Info.plist */ = {isa = PBXFileReference; lastKnownFileType = text.plist.xml; path = Info.plist; sourceTree = "<group>"; };
		E106758FA3BCCBC8E02F1DE4 /* Pods-lokichallange.debug.xcconfig */ = {isa = PBXFileReference; includeInIndex = 1; lastKnownFileType = text.xcconfig; name = "Pods-lokichallange.debug.xcconfig"; path = "Target Support Files/Pods-lokichallange/Pods-lokichallange.debug.xcconfig"; sourceTree = "<group>"; };
/* End PBXFileReference section */

/* Begin PBXFrameworksBuildPhase section */
		B1635C022357380F006AC49D /* Frameworks */ = {
			isa = PBXFrameworksBuildPhase;
			buildActionMask = 2147483647;
			files = (
				0310E6F89BD90B71C83F45CD /* Pods_lokichallange.framework in Frameworks */,
			);
			runOnlyForDeploymentPostprocessing = 0;
		};
/* End PBXFrameworksBuildPhase section */

/* Begin PBXGroup section */
		4DBDF8C0DCA5AE7AC05339C7 /* Pods */ = {
			isa = PBXGroup;
			children = (
				E106758FA3BCCBC8E02F1DE4 /* Pods-lokichallange.debug.xcconfig */,
				8A779C924E13DC030846EEA1 /* Pods-lokichallange.release.xcconfig */,
			);
			name = Pods;
			path = Pods;
			sourceTree = "<group>";
		};
		710E4C3E289B56BF4205F18E /* Frameworks */ = {
			isa = PBXGroup;
			children = (
				AE6BD87C5A54F1C532546CF4 /* Pods_lokichallange.framework */,
			);
			name = Frameworks;
			sourceTree = "<group>";
		};
		B1635BFC2357380F006AC49D = {
			isa = PBXGroup;
			children = (
				B1635C072357380F006AC49D /* lokichallange */,
				B1635C062357380F006AC49D /* Products */,
				4DBDF8C0DCA5AE7AC05339C7 /* Pods */,
				710E4C3E289B56BF4205F18E /* Frameworks */,
			);
			sourceTree = "<group>";
		};
		B1635C062357380F006AC49D /* Products */ = {
			isa = PBXGroup;
			children = (
				B1635C052357380F006AC49D /* lokichallange.app */,
			);
			name = Products;
			sourceTree = "<group>";
		};
		B1635C072357380F006AC49D /* lokichallange */ = {
			isa = PBXGroup;
			children = (
				B1635C082357380F006AC49D /* AppDelegate.swift */,
				B1635C0A2357380F006AC49D /* ViewController.swift */,
				B1635C0C2357380F006AC49D /* Main.storyboard */,
				B1635C0F2357380F006AC49D /* Assets.xcassets */,
				B1635C112357380F006AC49D /* LaunchScreen.storyboard */,
				B1635C142357380F006AC49D /* Info.plist */,
			);
			path = lokichallange;
			sourceTree = "<group>";
		};
/* End PBXGroup section */

/* Begin PBXNativeTarget section */
		B1635C042357380F006AC49D /* lokichallange */ = {
			isa = PBXNativeTarget;
			buildConfigurationList = B1635C172357380F006AC49D /* Build configuration list for PBXNativeTarget "lokichallange" */;
			buildPhases = (
				6B5E4F78C44783E049C1BDA6 /* [CP] Check Pods Manifest.lock */,
				B1635C012357380F006AC49D /* Sources */,
				B1635C022357380F006AC49D /* Frameworks */,
				B1635C032357380F006AC49D /* Resources */,
			);
			buildRules = (
			);
			dependencies = (
			);
			name = lokichallange;
			productName = lokichallange;
			productReference = B1635C052357380F006AC49D /* lokichallange.app */;
			productType = "com.apple.product-type.application";
		};
/* End PBXNativeTarget section */

/* Begin PBXProject section */
		B1635BFD2357380F006AC49D /* Project object */ = {
			isa = PBXProject;
			attributes = {
				LastSwiftUpdateCheck = 1030;
				LastUpgradeCheck = 1030;
				ORGANIZATIONNAME = "Vinicius Cechin";
				TargetAttributes = {
					B1635C042357380F006AC49D = {
						CreatedOnToolsVersion = 10.3;
					};
				};
			};
			buildConfigurationList = B1635C002357380F006AC49D /* Build configuration list for PBXProject "lokichallange" */;
			compatibilityVersion = "Xcode 9.3";
			developmentRegion = en;
			hasScannedForEncodings = 0;
			knownRegions = (
				en,
				Base,
			);
			mainGroup = B1635BFC2357380F006AC49D;
			productRefGroup = B1635C062357380F006AC49D /* Products */;
			projectDirPath = "";
			projectRoot = "";
			targets = (
				B1635C042357380F006AC49D /* lokichallange */,
			);
		};
/* End PBXProject section */

/* Begin PBXResourcesBuildPhase section */
		B1635C032357380F006AC49D /* Resources */ = {
			isa = PBXResourcesBuildPhase;
			buildActionMask = 2147483647;
			files = (
				B1635C132357380F006AC49D /* LaunchScreen.storyboard in Resources */,
				B1635C102357380F006AC49D /* Assets.xcassets in Resources */,
				B1635C0E2357380F006AC49D /* Main.storyboard in Resources */,
			);
			runOnlyForDeploymentPostprocessing = 0;
		};
/* End PBXResourcesBuildPhase section */

/* Begin PBXShellScriptBuildPhase section */
		6B5E4F78C44783E049C1BDA6 /* [CP] Check Pods Manifest.lock */ = {
			isa = PBXShellScriptBuildPhase;
			buildActionMask = 2147483647;
			files = (
			);
			inputFileListPaths = (
			);
			inputPaths = (
				"${PODS_PODFILE_DIR_PATH}/Podfile.lock",
				"${PODS_ROOT}/Manifest.lock",
			);
			name = "[CP] Check Pods Manifest.lock";
			outputFileListPaths = (
			);
			outputPaths = (
				"$(DERIVED_FILE_DIR)/Pods-lokichallange-checkManifestLockResult.txt",
			);
			runOnlyForDeploymentPostprocessing = 0;
			shellPath = /bin/sh;
			shellScript = "diff \"${PODS_PODFILE_DIR_PATH}/Podfile.lock\" \"${PODS_ROOT}/Manifest.lock\" > /dev/null\nif [ $? != 0 ] ; then\n    # print error to STDERR\n    echo \"error: The sandbox is not in sync with the Podfile.lock. Run 'pod install' or update your CocoaPods installation.\" >&2\n    exit 1\nfi\n# This output is used by Xcode 'outputs' to avoid re-running this script phase.\necho \"SUCCESS\" > \"${SCRIPT_OUTPUT_FILE_0}\"\n";
			showEnvVarsInLog = 0;
		};
/* End PBXShellScriptBuildPhase section */

/* Begin PBXSourcesBuildPhase section */
		B1635C012357380F006AC49D /* Sources */ = {
			isa = PBXSourcesBuildPhase;
			buildActionMask = 2147483647;
			files = (
				B1635C0B2357380F006AC49D /* ViewController.swift in Sources */,
				B1635C092357380F006AC49D /* AppDelegate.swift in Sources */,
			);
			runOnlyForDeploymentPostprocessing = 0;
		};
/* End PBXSourcesBuildPhase section */

/* Begin PBXVariantGroup section */
		B1635C0C2357380F006AC49D /* Main.storyboard */ = {
			isa = PBXVariantGroup;
			children = (
				B1635C0D2357380F006AC49D /* Base */,
			);
			name = Main.storyboard;
			sourceTree = "<group>";
		};
		B1635C112357380F006AC49D /* LaunchScreen.storyboard */ = {
			isa = PBXVariantGroup;
			children = (
				B1635C122357380F006AC49D /* Base */,
			);
			name = LaunchScreen.storyboard;
			sourceTree = "<group>";
		};
/* End PBXVariantGroup section */

/* Begin XCBuildConfiguration section */
		B1635C152357380F006AC49D /* Debug */ = {
			isa = XCBuildConfiguration;
			buildSettings = {
				ALWAYS_SEARCH_USER_PATHS = NO;
				CLANG_ANALYZER_NONNULL = YES;
				CLANG_ANALYZER_NUMBER_OBJECT_CONVERSION = YES_AGGRESSIVE;
				CLANG_CXX_LANGUAGE_STANDARD = "gnu++14";
				CLANG_CXX_LIBRARY = "libc++";
				CLANG_ENABLE_MODULES = YES;
				CLANG_ENABLE_OBJC_ARC = YES;
				CLANG_ENABLE_OBJC_WEAK = YES;
				CLANG_WARN_BLOCK_CAPTURE_AUTORELEASING = YES;
				CLANG_WARN_BOOL_CONVERSION = YES;
				CLANG_WARN_COMMA = YES;
				CLANG_WARN_CONSTANT_CONVERSION = YES;
				CLANG_WARN_DEPRECATED_OBJC_IMPLEMENTATIONS = YES;
				CLANG_WARN_DIRECT_OBJC_ISA_USAGE = YES_ERROR;
				CLANG_WARN_DOCUMENTATION_COMMENTS = YES;
				CLANG_WARN_EMPTY_BODY = YES;
				CLANG_WARN_ENUM_CONVERSION = YES;
				CLANG_WARN_INFINITE_RECURSION = YES;
				CLANG_WARN_INT_CONVERSION = YES;
				CLANG_WARN_NON_LITERAL_NULL_CONVERSION = YES;
				CLANG_WARN_OBJC_IMPLICIT_RETAIN_SELF = YES;
				CLANG_WARN_OBJC_LITERAL_CONVERSION = YES;
				CLANG_WARN_OBJC_ROOT_CLASS = YES_ERROR;
				CLANG_WARN_RANGE_LOOP_ANALYSIS = YES;
				CLANG_WARN_STRICT_PROTOTYPES = YES;
				CLANG_WARN_SUSPICIOUS_MOVE = YES;
				CLANG_WARN_UNGUARDED_AVAILABILITY = YES_AGGRESSIVE;
				CLANG_WARN_UNREACHABLE_CODE = YES;
				CLANG_WARN__DUPLICATE_METHOD_MATCH = YES;
				CODE_SIGN_IDENTITY = "iPhone Developer";
				COPY_PHASE_STRIP = NO;
				DEBUG_INFORMATION_FORMAT = dwarf;
				ENABLE_STRICT_OBJC_MSGSEND = YES;
				ENABLE_TESTABILITY = YES;
				GCC_C_LANGUAGE_STANDARD = gnu11;
				GCC_DYNAMIC_NO_PIC = NO;
				GCC_NO_COMMON_BLOCKS = YES;
				GCC_OPTIMIZATION_LEVEL = 0;
				GCC_PREPROCESSOR_DEFINITIONS = (
					"DEBUG=1",
					"$(inherited)",
				);
				GCC_WARN_64_TO_32_BIT_CONVERSION = YES;
				GCC_WARN_ABOUT_RETURN_TYPE = YES_ERROR;
				GCC_WARN_UNDECLARED_SELECTOR = YES;
				GCC_WARN_UNINITIALIZED_AUTOS = YES_AGGRESSIVE;
				GCC_WARN_UNUSED_FUNCTION = YES;
				GCC_WARN_UNUSED_VARIABLE = YES;
				IPHONEOS_DEPLOYMENT_TARGET = 12.4;
				MTL_ENABLE_DEBUG_INFO = INCLUDE_SOURCE;
				MTL_FAST_MATH = YES;
				ONLY_ACTIVE_ARCH = YES;
				SDKROOT = iphoneos;
				SWIFT_ACTIVE_COMPILATION_CONDITIONS = DEBUG;
				SWIFT_OPTIMIZATION_LEVEL = "-Onone";
			};
			name = Debug;
		};
		B1635C162357380F006AC49D /* Release */ = {
			isa = XCBuildConfiguration;
			buildSettings = {
				ALWAYS_SEARCH_USER_PATHS = NO;
				CLANG_ANALYZER_NONNULL = YES;
				CLANG_ANALYZER_NUMBER_OBJECT_CONVERSION = YES_AGGRESSIVE;
				CLANG_CXX_LANGUAGE_STANDARD = "gnu++14";
				CLANG_CXX_LIBRARY = "libc++";
				CLANG_ENABLE_MODULES = YES;
				CLANG_ENABLE_OBJC_ARC = YES;
				CLANG_ENABLE_OBJC_WEAK = YES;
				CLANG_WARN_BLOCK_CAPTURE_AUTORELEASING = YES;
				CLANG_WARN_BOOL_CONVERSION = YES;
				CLANG_WARN_COMMA = YES;
				CLANG_WARN_CONSTANT_CONVERSION = YES;
				CLANG_WARN_DEPRECATED_OBJC_IMPLEMENTATIONS = YES;
				CLANG_WARN_DIRECT_OBJC_ISA_USAGE = YES_ERROR;
				CLANG_WARN_DOCUMENTATION_COMMENTS = YES;
				CLANG_WARN_EMPTY_BODY = YES;
				CLANG_WARN_ENUM_CONVERSION = YES;
				CLANG_WARN_INFINITE_RECURSION = YES;
				CLANG_WARN_INT_CONVERSION = YES;
				CLANG_WARN_NON_LITERAL_NULL_CONVERSION = YES;
				CLANG_WARN_OBJC_IMPLICIT_RETAIN_SELF = YES;
				CLANG_WARN_OBJC_LITERAL_CONVERSION = YES;
				CLANG_WARN_OBJC_ROOT_CLASS = YES_ERROR;
				CLANG_WARN_RANGE_LOOP_ANALYSIS = YES;
				CLANG_WARN_STRICT_PROTOTYPES = YES;
				CLANG_WARN_SUSPICIOUS_MOVE = YES;
				CLANG_WARN_UNGUARDED_AVAILABILITY = YES_AGGRESSIVE;
				CLANG_WARN_UNREACHABLE_CODE = YES;
				CLANG_WARN__DUPLICATE_METHOD_MATCH = YES;
				CODE_SIGN_IDENTITY = "iPhone Developer";
				COPY_PHASE_STRIP = NO;
				DEBUG_INFORMATION_FORMAT = "dwarf-with-dsym";
				ENABLE_NS_ASSERTIONS = NO;
				ENABLE_STRICT_OBJC_MSGSEND = YES;
				GCC_C_LANGUAGE_STANDARD = gnu11;
				GCC_NO_COMMON_BLOCKS = YES;
				GCC_WARN_64_TO_32_BIT_CONVERSION = YES;
				GCC_WARN_ABOUT_RETURN_TYPE = YES_ERROR;
				GCC_WARN_UNDECLARED_SELECTOR = YES;
				GCC_WARN_UNINITIALIZED_AUTOS = YES_AGGRESSIVE;
				GCC_WARN_UNUSED_FUNCTION = YES;
				GCC_WARN_UNUSED_VARIABLE = YES;
				IPHONEOS_DEPLOYMENT_TARGET = 12.4;
				MTL_ENABLE_DEBUG_INFO = NO;
				MTL_FAST_MATH = YES;
				SDKROOT = iphoneos;
				SWIFT_COMPILATION_MODE = wholemodule;
				SWIFT_OPTIMIZATION_LEVEL = "-O";
				VALIDATE_PRODUCT = YES;
			};
			name = Release;
		};
		B1635C182357380F006AC49D /* Debug */ = {
			isa = XCBuildConfiguration;
			baseConfigurationReference = E106758FA3BCCBC8E02F1DE4 /* Pods-lokichallange.debug.xcconfig */;
			buildSettings = {
				ASSETCATALOG_COMPILER_APPICON_NAME = AppIcon;
				CODE_SIGN_STYLE = Automatic;
				INFOPLIST_FILE = lokichallange/Info.plist;
				LD_RUNPATH_SEARCH_PATHS = (
					"$(inherited)",
					"@executable_path/Frameworks",
				);
				PRODUCT_BUNDLE_IDENTIFIER = vinicechin.lokichallange;
				PRODUCT_NAME = "$(TARGET_NAME)";
				SWIFT_VERSION = 5.0;
				TARGETED_DEVICE_FAMILY = "1,2";
			};
			name = Debug;
		};
		B1635C192357380F006AC49D /* Release */ = {
			isa = XCBuildConfiguration;
			baseConfigurationReference = 8A779C924E13DC030846EEA1 /* Pods-lokichallange.release.xcconfig */;
			buildSettings = {
				ASSETCATALOG_COMPILER_APPICON_NAME = AppIcon;
				CODE_SIGN_STYLE = Automatic;
				INFOPLIST_FILE = lokichallange/Info.plist;
				LD_RUNPATH_SEARCH_PATHS = (
					"$(inherited)",
					"@executable_path/Frameworks",
				);
				PRODUCT_BUNDLE_IDENTIFIER = vinicechin.lokichallange;
				PRODUCT_NAME = "$(TARGET_NAME)";
				SWIFT_VERSION = 5.0;
				TARGETED_DEVICE_FAMILY = "1,2";
			};
			name = Release;
		};
/* End XCBuildConfiguration section */

/* Begin XCConfigurationList section */
		B1635C002357380F006AC49D /* Build configuration list for PBXProject "lokichallange" */ = {
			isa = XCConfigurationList;
			buildConfigurations = (
				B1635C152357380F006AC49D /* Debug */,
				B1635C162357380F006AC49D /* Release */,
			);
			defaultConfigurationIsVisible = 0;
			defaultConfigurationName = Release;
		};
		B1635C172357380F006AC49D /* Build configuration list for PBXNativeTarget "lokichallange" */ = {
			isa = XCConfigurationList;
			buildConfigurations = (
				B1635C182357380F006AC49D /* Debug */,
				B1635C192357380F006AC49D /* Release */,
			);
			defaultConfigurationIsVisible = 0;
			defaultConfigurationName = Release;
		};
/* End XCConfigurationList section */
	};
	rootObject = B1635BFD2357380F006AC49D /* Project object */;
}
